// !$*UTF8*$!
{
	archiveVersion = 1;
	classes = {
	};
	objectVersion = 46;
	objects = {

/* Begin PBXBuildFile section */
		230BF6A31AB21E740083AD8C /* main.m in Sources */ = {isa = PBXBuildFile; fileRef = 230BF6A21AB21E740083AD8C /* main.m */; };
		230BF6A61AB21E740083AD8C /* AppDelegate.m in Sources */ = {isa = PBXBuildFile; fileRef = 230BF6A51AB21E740083AD8C /* AppDelegate.m */; };
		230BF6AC1AB21E740083AD8C /* Main.storyboard in Resources */ = {isa = PBXBuildFile; fileRef = 230BF6AA1AB21E740083AD8C /* Main.storyboard */; };
		230BF6AE1AB21E740083AD8C /* Images.xcassets in Resources */ = {isa = PBXBuildFile; fileRef = 230BF6AD1AB21E740083AD8C /* Images.xcassets */; };
		230BF6B11AB21E740083AD8C /* LaunchScreen.xib in Resources */ = {isa = PBXBuildFile; fileRef = 230BF6AF1AB21E740083AD8C /* LaunchScreen.xib */; };
		230BF6BD1AB21E750083AD8C /* TicTacToeTests.m in Sources */ = {isa = PBXBuildFile; fileRef = 230BF6BC1AB21E750083AD8C /* TicTacToeTests.m */; };
		230BF6C81AB224060083AD8C /* RootViewController.m in Sources */ = {isa = PBXBuildFile; fileRef = 230BF6C71AB224060083AD8C /* RootViewController.m */; };
		230BF7031AB35AAF0083AD8C /* HelpViewController.m in Sources */ = {isa = PBXBuildFile; fileRef = 230BF7021AB35AAF0083AD8C /* HelpViewController.m */; };
/* End PBXBuildFile section */

/* Begin PBXContainerItemProxy section */
		230BF6B71AB21E740083AD8C /* PBXContainerItemProxy */ = {
			isa = PBXContainerItemProxy;
			containerPortal = 230BF6951AB21E740083AD8C /* Project object */;
			proxyType = 1;
			remoteGlobalIDString = 230BF69C1AB21E740083AD8C;
			remoteInfo = TicTacToe;
		};
/* End PBXContainerItemProxy section */

/* Begin PBXFileReference section */
		230BF69D1AB21E740083AD8C /* TicTacToe.app */ = {isa = PBXFileReference; explicitFileType = wrapper.application; includeInIndex = 0; path = TicTacToe.app; sourceTree = BUILT_PRODUCTS_DIR; };
		230BF6A11AB21E740083AD8C /* Info.plist */ = {isa = PBXFileReference; lastKnownFileType = text.plist.xml; path = Info.plist; sourceTree = "<group>"; };
		230BF6A21AB21E740083AD8C /* main.m */ = {isa = PBXFileReference; lastKnownFileType = sourcecode.c.objc; path = main.m; sourceTree = "<group>"; };
		230BF6A41AB21E740083AD8C /* AppDelegate.h */ = {isa = PBXFileReference; lastKnownFileType = sourcecode.c.h; path = AppDelegate.h; sourceTree = "<group>"; };
		230BF6A51AB21E740083AD8C /* AppDelegate.m */ = {isa = PBXFileReference; lastKnownFileType = sourcecode.c.objc; path = AppDelegate.m; sourceTree = "<group>"; };
		230BF6AB1AB21E740083AD8C /* Base */ = {isa = PBXFileReference; lastKnownFileType = file.storyboard; name = Base; path = Base.lproj/Main.storyboard; sourceTree = "<group>"; };
		230BF6AD1AB21E740083AD8C /* Images.xcassets */ = {isa = PBXFileReference; lastKnownFileType = folder.assetcatalog; path = Images.xcassets; sourceTree = "<group>"; };
		230BF6B01AB21E740083AD8C /* Base */ = {isa = PBXFileReference; lastKnownFileType = file.xib; name = Base; path = Base.lproj/LaunchScreen.xib; sourceTree = "<group>"; };
		230BF6B61AB21E740083AD8C /* TicTacToeTests.xctest */ = {isa = PBXFileReference; explicitFileType = wrapper.cfbundle; includeInIndex = 0; path = TicTacToeTests.xctest; sourceTree = BUILT_PRODUCTS_DIR; };
		230BF6BB1AB21E750083AD8C /* Info.plist */ = {isa = PBXFileReference; lastKnownFileType = text.plist.xml; path = Info.plist; sourceTree = "<group>"; };
		230BF6BC1AB21E750083AD8C /* TicTacToeTests.m */ = {isa = PBXFileReference; lastKnownFileType = sourcecode.c.objc; path = TicTacToeTests.m; sourceTree = "<group>"; };
		230BF6C61AB224060083AD8C /* RootViewController.h */ = {isa = PBXFileReference; fileEncoding = 4; lastKnownFileType = sourcecode.c.h; path = RootViewController.h; sourceTree = "<group>"; };
		230BF6C71AB224060083AD8C /* RootViewController.m */ = {isa = PBXFileReference; fileEncoding = 4; lastKnownFileType = sourcecode.c.objc; path = RootViewController.m; sourceTree = "<group>"; };
		230BF7011AB35AAF0083AD8C /* HelpViewController.h */ = {isa = PBXFileReference; fileEncoding = 4; lastKnownFileType = sourcecode.c.h; path = HelpViewController.h; sourceTree = "<group>"; };
		230BF7021AB35AAF0083AD8C /* HelpViewController.m */ = {isa = PBXFileReference; fileEncoding = 4; lastKnownFileType = sourcecode.c.objc; path = HelpViewController.m; sourceTree = "<group>"; };
/* End PBXFileReference section */

/* Begin PBXFrameworksBuildPhase section */
		230BF69A1AB21E740083AD8C /* Frameworks */ = {
			isa = PBXFrameworksBuildPhase;
			buildActionMask = 2147483647;
			files = (
			);
			runOnlyForDeploymentPostprocessing = 0;
		};
		230BF6B31AB21E740083AD8C /* Frameworks */ = {
			isa = PBXFrameworksBuildPhase;
			buildActionMask = 2147483647;
			files = (
			);
			runOnlyForDeploymentPostprocessing = 0;
		};
/* End PBXFrameworksBuildPhase section */

/* Begin PBXGroup section */
		230BF6941AB21E740083AD8C = {
			isa = PBXGroup;
			children = (
				230BF69F1AB21E740083AD8C /* TicTacToe */,
				230BF6B91AB21E740083AD8C /* TicTacToeTests */,
				230BF69E1AB21E740083AD8C /* Products */,
			);
			sourceTree = "<group>";
		};
		230BF69E1AB21E740083AD8C /* Products */ = {
			isa = PBXGroup;
			children = (
				230BF69D1AB21E740083AD8C /* TicTacToe.app */,
				230BF6B61AB21E740083AD8C /* TicTacToeTests.xctest */,
			);
			name = Products;
			sourceTree = "<group>";
		};
		230BF69F1AB21E740083AD8C /* TicTacToe */ = {
			isa = PBXGroup;
			children = (
				230BF6A41AB21E740083AD8C /* AppDelegate.h */,
				230BF6A51AB21E740083AD8C /* AppDelegate.m */,
				230BF6C61AB224060083AD8C /* RootViewController.h */,
				230BF6C71AB224060083AD8C /* RootViewController.m */,
				230BF7011AB35AAF0083AD8C /* HelpViewController.h */,
				230BF7021AB35AAF0083AD8C /* HelpViewController.m */,
				230BF6AA1AB21E740083AD8C /* Main.storyboard */,
				230BF6AD1AB21E740083AD8C /* Images.xcassets */,
				230BF6AF1AB21E740083AD8C /* LaunchScreen.xib */,
				230BF6A01AB21E740083AD8C /* Supporting Files */,
			);
			path = TicTacToe;
			sourceTree = "<group>";
		};
		230BF6A01AB21E740083AD8C /* Supporting Files */ = {
			isa = PBXGroup;
			children = (
				230BF6A11AB21E740083AD8C /* Info.plist */,
				230BF6A21AB21E740083AD8C /* main.m */,
			);
			name = "Supporting Files";
			sourceTree = "<group>";
		};
		230BF6B91AB21E740083AD8C /* TicTacToeTests */ = {
			isa = PBXGroup;
			children = (
				230BF6BC1AB21E750083AD8C /* TicTacToeTests.m */,
				230BF6BA1AB21E750083AD8C /* Supporting Files */,
			);
			path = TicTacToeTests;
			sourceTree = "<group>";
		};
		230BF6BA1AB21E750083AD8C /* Supporting Files */ = {
			isa = PBXGroup;
			children = (
				230BF6BB1AB21E750083AD8C /* Info.plist */,
			);
			name = "Supporting Files";
			sourceTree = "<group>";
		};
/* End PBXGroup section */

/* Begin PBXNativeTarget section */
		230BF69C1AB21E740083AD8C /* TicTacToe */ = {
			isa = PBXNativeTarget;
			buildConfigurationList = 230BF6C01AB21E750083AD8C /* Build configuration list for PBXNativeTarget "TicTacToe" */;
			buildPhases = (
				230BF6991AB21E740083AD8C /* Sources */,
				230BF69A1AB21E740083AD8C /* Frameworks */,
				230BF69B1AB21E740083AD8C /* Resources */,
			);
			buildRules = (
			);
			dependencies = (
			);
			name = TicTacToe;
			productName = TicTacToe;
			productReference = 230BF69D1AB21E740083AD8C /* TicTacToe.app */;
			productType = "com.apple.product-type.application";
		};
		230BF6B51AB21E740083AD8C /* TicTacToeTests */ = {
			isa = PBXNativeTarget;
			buildConfigurationList = 230BF6C31AB21E750083AD8C /* Build configuration list for PBXNativeTarget "TicTacToeTests" */;
			buildPhases = (
				230BF6B21AB21E740083AD8C /* Sources */,
				230BF6B31AB21E740083AD8C /* Frameworks */,
				230BF6B41AB21E740083AD8C /* Resources */,
			);
			buildRules = (
			);
			dependencies = (
				230BF6B81AB21E740083AD8C /* PBXTargetDependency */,
			);
			name = TicTacToeTests;
			productName = TicTacToeTests;
			productReference = 230BF6B61AB21E740083AD8C /* TicTacToeTests.xctest */;
			productType = "com.apple.product-type.bundle.unit-test";
		};
/* End PBXNativeTarget section */

/* Begin PBXProject section */
		230BF6951AB21E740083AD8C /* Project object */ = {
			isa = PBXProject;
			attributes = {
				LastUpgradeCheck = 0610;
				ORGANIZATIONNAME = "Timothy Mueller";
				TargetAttributes = {
					230BF69C1AB21E740083AD8C = {
						CreatedOnToolsVersion = 6.1.1;
					};
					230BF6B51AB21E740083AD8C = {
						CreatedOnToolsVersion = 6.1.1;
						TestTargetID = 230BF69C1AB21E740083AD8C;
					};
				};
			};
			buildConfigurationList = 230BF6981AB21E740083AD8C /* Build configuration list for PBXProject "TicTacToe" */;
			compatibilityVersion = "Xcode 3.2";
			developmentRegion = English;
			hasScannedForEncodings = 0;
			knownRegions = (
				en,
				Base,
			);
			mainGroup = 230BF6941AB21E740083AD8C;
			productRefGroup = 230BF69E1AB21E740083AD8C /* Products */;
			projectDirPath = "";
			projectRoot = "";
			targets = (
				230BF69C1AB21E740083AD8C /* TicTacToe */,
				230BF6B51AB21E740083AD8C /* TicTacToeTests */,
			);
		};
/* End PBXProject section */

/* Begin PBXResourcesBuildPhase section */
		230BF69B1AB21E740083AD8C /* Resources */ = {
			isa = PBXResourcesBuildPhase;
			buildActionMask = 2147483647;
			files = (
				230BF6AC1AB21E740083AD8C /* Main.storyboard in Resources */,
				230BF6B11AB21E740083AD8C /* LaunchScreen.xib in Resources */,
				230BF6AE1AB21E740083AD8C /* Images.xcassets in Resources */,
			);
			runOnlyForDeploymentPostprocessing = 0;
		};
		230BF6B41AB21E740083AD8C /* Resources */ = {
			isa = PBXResourcesBuildPhase;
			buildActionMask = 2147483647;
			files = (
			);
			runOnlyForDeploymentPostprocessing = 0;
		};
/* End PBXResourcesBuildPhase section */

/* Begin PBXSourcesBuildPhase section */
		230BF6991AB21E740083AD8C /* Sources */ = {
			isa = PBXSourcesBuildPhase;
			buildActionMask = 2147483647;
			files = (
				230BF6A61AB21E740083AD8C /* AppDelegate.m in Sources */,
				230BF6A31AB21E740083AD8C /* main.m in Sources */,
				230BF6C81AB224060083AD8C /* RootViewController.m in Sources */,
				230BF7031AB35AAF0083AD8C /* HelpViewController.m in Sources */,
			);
			runOnlyForDeploymentPostprocessing = 0;
		};
		230BF6B21AB21E740083AD8C /* Sources */ = {
			isa = PBXSourcesBuildPhase;
			buildActionMask = 2147483647;
			files = (
				230BF6BD1AB21E750083AD8C /* TicTacToeTests.m in Sources */,
			);
			runOnlyForDeploymentPostprocessing = 0;
		};
/* End PBXSourcesBuildPhase section */

/* Begin PBXTargetDependency section */
		230BF6B81AB21E740083AD8C /* PBXTargetDependency */ = {
			isa = PBXTargetDependency;
			target = 230BF69C1AB21E740083AD8C /* TicTacToe */;
			targetProxy = 230BF6B71AB21E740083AD8C /* PBXContainerItemProxy */;
		};
/* End PBXTargetDependency section */

/* Begin PBXVariantGroup section */
		230BF6AA1AB21E740083AD8C /* Main.storyboard */ = {
			isa = PBXVariantGroup;
			children = (
				230BF6AB1AB21E740083AD8C /* Base */,
			);
			name = Main.storyboard;
			sourceTree = "<group>";
		};
		230BF6AF1AB21E740083AD8C /* LaunchScreen.xib */ = {
			isa = PBXVariantGroup;
			children = (
				230BF6B01AB21E740083AD8C /* Base */,
			);
			name = LaunchScreen.xib;
			sourceTree = "<group>";
		};
/* End PBXVariantGroup section */

/* Begin XCBuildConfiguration section */
		230BF6BE1AB21E750083AD8C /* Debug */ = {
			isa = XCBuildConfiguration;
			buildSettings = {
				ALWAYS_SEARCH_USER_PATHS = NO;
				CLANG_CXX_LANGUAGE_STANDARD = "gnu++0x";
				CLANG_CXX_LIBRARY = "libc++";
				CLANG_ENABLE_MODULES = YES;
				CLANG_ENABLE_OBJC_ARC = YES;
				CLANG_WARN_BOOL_CONVERSION = YES;
				CLANG_WARN_CONSTANT_CONVERSION = YES;
				CLANG_WARN_DIRECT_OBJC_ISA_USAGE = YES_ERROR;
				CLANG_WARN_EMPTY_BODY = YES;
				CLANG_WARN_ENUM_CONVERSION = YES;
				CLANG_WARN_INT_CONVERSION = YES;
				CLANG_WARN_OBJC_ROOT_CLASS = YES_ERROR;
				CLANG_WARN_UNREACHABLE_CODE = YES;
				CLANG_WARN__DUPLICATE_METHOD_MATCH = YES;
				"CODE_SIGN_IDENTITY[sdk=iphoneos*]" = "iPhone Developer";
				COPY_PHASE_STRIP = NO;
				ENABLE_STRICT_OBJC_MSGSEND = YES;
				GCC_C_LANGUAGE_STANDARD = gnu99;
				GCC_DYNAMIC_NO_PIC = NO;
				GCC_OPTIMIZATION_LEVEL = 0;
				GCC_PREPROCESSOR_DEFINITIONS = (
					"DEBUG=1",
					"$(inherited)",
				);
				GCC_SYMBOLS_PRIVATE_EXTERN = NO;
				GCC_WARN_64_TO_32_BIT_CONVERSION = YES;
				GCC_WARN_ABOUT_RETURN_TYPE = YES_ERROR;
				GCC_WARN_UNDECLARED_SELECTOR = YES;
				GCC_WARN_UNINITIALIZED_AUTOS = YES_AGGRESSIVE;
				GCC_WARN_UNUSED_FUNCTION = YES;
				GCC_WARN_UNUSED_VARIABLE = YES;
				IPHONEOS_DEPLOYMENT_TARGET = 8.1;
				MTL_ENABLE_DEBUG_INFO = YES;
				ONLY_ACTIVE_ARCH = YES;
				SDKROOT = iphoneos;
			};
			name = Debug;
		};
		230BF6BF1AB21E750083AD8C /* Release */ = {
			isa = XCBuildConfiguration;
			buildSettings = {
				ALWAYS_SEARCH_USER_PATHS = NO;
				CLANG_CXX_LANGUAGE_STANDARD = "gnu++0x";
				CLANG_CXX_LIBRARY = "libc++";
				CLANG_ENABLE_MODULES = YES;
				CLANG_ENABLE_OBJC_ARC = YES;
				CLANG_WARN_BOOL_CONVERSION = YES;
				CLANG_WARN_CONSTANT_CONVERSION = YES;
				CLANG_WARN_DIRECT_OBJC_ISA_USAGE = YES_ERROR;
				CLANG_WARN_EMPTY_BODY = YES;
				CLANG_WARN_ENUM_CONVERSION = YES;
				CLANG_WARN_INT_CONVERSION = YES;
				CLANG_WARN_OBJC_ROOT_CLASS = YES_ERROR;
				CLANG_WARN_UNREACHABLE_CODE = YES;
				CLANG_WARN__DUPLICATE_METHOD_MATCH = YES;
				"CODE_SIGN_IDENTITY[sdk=iphoneos*]" = "iPhone Developer";
				COPY_PHASE_STRIP = YES;
				ENABLE_NS_ASSERTIONS = NO;
				ENABLE_STRICT_OBJC_MSGSEND = YES;
				GCC_C_LANGUAGE_STANDARD = gnu99;
				GCC_WARN_64_TO_32_BIT_CONVERSION = YES;
				GCC_WARN_ABOUT_RETURN_TYPE = YES_ERROR;
				GCC_WARN_UNDECLARED_SELECTOR = YES;
				GCC_WARN_UNINITIALIZED_AUTOS = YES_AGGRESSIVE;
				GCC_WARN_UNUSED_FUNCTION = YES;
				GCC_WARN_UNUSED_VARIABLE = YES;
				IPHONEOS_DEPLOYMENT_TARGET = 8.1;
				MTL_ENABLE_DEBUG_INFO = NO;
				SDKROOT = iphoneos;
				VALIDATE_PRODUCT = YES;
			};
			name = Release;
		};
		230BF6C11AB21E750083AD8C /* Debug */ = {
			isa = XCBuildConfiguration;
			buildSettings = {
				ASSETCATALOG_COMPILER_APPICON_NAME = AppIcon;
				INFOPLIST_FILE = TicTacToe/Info.plist;
				LD_RUNPATH_SEARCH_PATHS = "$(inherited) @executable_path/Frameworks";
				PRODUCT_NAME = "$(TARGET_NAME)";
			};
			name = Debug;
		};
		230BF6C21AB21E750083AD8C /* Release */ = {
			isa = XCBuildConfiguration;
			buildSettings = {
				ASSETCATALOG_COMPILER_APPICON_NAME = AppIcon;
				INFOPLIST_FILE = TicTacToe/Info.plist;
				LD_RUNPATH_SEARCH_PATHS = "$(inherited) @executable_path/Frameworks";
				PRODUCT_NAME = "$(TARGET_NAME)";
			};
			name = Release;
		};
		230BF6C41AB21E750083AD8C /* Debug */ = {
			isa = XCBuildConfiguration;
			buildSettings = {
				BUNDLE_LOADER = "$(TEST_HOST)";
				FRAMEWORK_SEARCH_PATHS = (
					"$(SDKROOT)/Developer/Library/Frameworks",
					"$(inherited)",
				);
				GCC_PREPROCESSOR_DEFINITIONS = (
					"DEBUG=1",
					"$(inherited)",
				);
				INFOPLIST_FILE = TicTacToeTests/Info.plist;
				LD_RUNPATH_SEARCH_PATHS = "$(inherited) @executable_path/Frameworks @loader_path/Frameworks";
				PRODUCT_NAME = "$(TARGET_NAME)";
				TEST_HOST = "$(BUILT_PRODUCTS_DIR)/TicTacToe.app/TicTacToe";
			};
			name = Debug;
		};
		230BF6C51AB21E750083AD8C /* Release */ = {
			isa = XCBuildConfiguration;
			buildSettings = {
				BUNDLE_LOADER = "$(TEST_HOST)";
				FRAMEWORK_SEARCH_PATHS = (
					"$(SDKROOT)/Developer/Library/Frameworks",
					"$(inherited)",
				);
				INFOPLIST_FILE = TicTacToeTests/Info.plist;
				LD_RUNPATH_SEARCH_PATHS = "$(inherited) @executable_path/Frameworks @loader_path/Frameworks";
				PRODUCT_NAME = "$(TARGET_NAME)";
				TEST_HOST = "$(BUILT_PRODUCTS_DIR)/TicTacToe.app/TicTacToe";
			};
			name = Release;
		};
/* End XCBuildConfiguration section */

/* Begin XCConfigurationList section */
		230BF6981AB21E740083AD8C /* Build configuration list for PBXProject "TicTacToe" */ = {
			isa = XCConfigurationList;
			buildConfigurations = (
				230BF6BE1AB21E750083AD8C /* Debug */,
				230BF6BF1AB21E750083AD8C /* Release */,
			);
			defaultConfigurationIsVisible = 0;
			defaultConfigurationName = Release;
		};
		230BF6C01AB21E750083AD8C /* Build configuration list for PBXNativeTarget "TicTacToe" */ = {
			isa = XCConfigurationList;
			buildConfigurations = (
				230BF6C11AB21E750083AD8C /* Debug */,
				230BF6C21AB21E750083AD8C /* Release */,
			);
			defaultConfigurationIsVisible = 0;
			defaultConfigurationName = Release;
		};
		230BF6C31AB21E750083AD8C /* Build configuration list for PBXNativeTarget "TicTacToeTests" */ = {
			isa = XCConfigurationList;
			buildConfigurations = (
				230BF6C41AB21E750083AD8C /* Debug */,
				230BF6C51AB21E750083AD8C /* Release */,
			);
			defaultConfigurationIsVisible = 0;
			defaultConfigurationName = Release;
		};
/* End XCConfigurationList section */
	};
	rootObject = 230BF6951AB21E740083AD8C /* Project object */;
}
